// !$*UTF8*$!
{
	archiveVersion = 1;
	classes = {
	};
	objectVersion = 77;
	objects = {

/* Begin PBXBuildFile section */
		DB7FCB392CB9F4910032E7F7 /* PromiseKit in Frameworks */ = {isa = PBXBuildFile; productRef = DB7FCB382CB9F4910032E7F7 /* PromiseKit */; };
		DB7FCB7F2CB9FC540032E7F7 /* PMKFoundation in Frameworks */ = {isa = PBXBuildFile; productRef = DB7FCB7E2CB9FC540032E7F7 /* PMKFoundation */; };
		DB7FCBE32CBB202B0032E7F7 /* SnapshotTesting in Frameworks */ = {isa = PBXBuildFile; productRef = DB7FCBE22CBB202B0032E7F7 /* SnapshotTesting */; };
/* End PBXBuildFile section */

/* Begin PBXContainerItemProxy section */
		DB77035E2CB796B400AF4504 /* PBXContainerItemProxy */ = {
			isa = PBXContainerItemProxy;
			containerPortal = DB77033F2CB796B300AF4504 /* Project object */;
			proxyType = 1;
			remoteGlobalIDString = DB7703462CB796B300AF4504;
			remoteInfo = Llyods;
		};
		DB7703682CB796B400AF4504 /* PBXContainerItemProxy */ = {
			isa = PBXContainerItemProxy;
			containerPortal = DB77033F2CB796B300AF4504 /* Project object */;
			proxyType = 1;
			remoteGlobalIDString = DB7703462CB796B300AF4504;
			remoteInfo = Llyods;
		};
/* End PBXContainerItemProxy section */

/* Begin PBXFileReference section */
		DB7703472CB796B300AF4504 /* Llyods.app */ = {isa = PBXFileReference; explicitFileType = wrapper.application; includeInIndex = 0; path = Llyods.app; sourceTree = BUILT_PRODUCTS_DIR; };
		DB77035D2CB796B400AF4504 /* LlyodsTests.xctest */ = {isa = PBXFileReference; explicitFileType = wrapper.cfbundle; includeInIndex = 0; path = LlyodsTests.xctest; sourceTree = BUILT_PRODUCTS_DIR; };
		DB7703672CB796B400AF4504 /* LlyodsUITests.xctest */ = {isa = PBXFileReference; explicitFileType = wrapper.cfbundle; includeInIndex = 0; path = LlyodsUITests.xctest; sourceTree = BUILT_PRODUCTS_DIR; };
/* End PBXFileReference section */

/* Begin PBXFileSystemSynchronizedBuildFileExceptionSet section */
		DB7FCB2A2CB9326D0032E7F7 /* Exceptions for "Llyods" folder in "Llyods" target */ = {
			isa = PBXFileSystemSynchronizedBuildFileExceptionSet;
			membershipExceptions = (
				Info.plist,
			);
			target = DB7703462CB796B300AF4504 /* Llyods */;
		};
/* End PBXFileSystemSynchronizedBuildFileExceptionSet section */

/* Begin PBXFileSystemSynchronizedRootGroup section */
		DB7703492CB796B300AF4504 /* Llyods */ = {
			isa = PBXFileSystemSynchronizedRootGroup;
			exceptions = (
				DB7FCB2A2CB9326D0032E7F7 /* Exceptions for "Llyods" folder in "Llyods" target */,
			);
			path = Llyods;
			sourceTree = "<group>";
		};
		DB7703602CB796B400AF4504 /* LlyodsTests */ = {
			isa = PBXFileSystemSynchronizedRootGroup;
			path = LlyodsTests;
			sourceTree = "<group>";
		};
		DB77036A2CB796B400AF4504 /* LlyodsUITests */ = {
			isa = PBXFileSystemSynchronizedRootGroup;
			path = LlyodsUITests;
			sourceTree = "<group>";
		};
/* End PBXFileSystemSynchronizedRootGroup section */

/* Begin PBXFrameworksBuildPhase section */
		DB7703442CB796B300AF4504 /* Frameworks */ = {
			isa = PBXFrameworksBuildPhase;
			buildActionMask = 2147483647;
			files = (
				DB7FCB7F2CB9FC540032E7F7 /* PMKFoundation in Frameworks */,
				DB7FCB392CB9F4910032E7F7 /* PromiseKit in Frameworks */,
			);
			runOnlyForDeploymentPostprocessing = 0;
		};
		DB77035A2CB796B400AF4504 /* Frameworks */ = {
			isa = PBXFrameworksBuildPhase;
			buildActionMask = 2147483647;
			files = (
				DB7FCBE32CBB202B0032E7F7 /* SnapshotTesting in Frameworks */,
			);
			runOnlyForDeploymentPostprocessing = 0;
		};
		DB7703642CB796B400AF4504 /* Frameworks */ = {
			isa = PBXFrameworksBuildPhase;
			buildActionMask = 2147483647;
			files = (
			);
			runOnlyForDeploymentPostprocessing = 0;
		};
/* End PBXFrameworksBuildPhase section */

/* Begin PBXGroup section */
		DB77033E2CB796B300AF4504 = {
			isa = PBXGroup;
			children = (
				DB7703492CB796B300AF4504 /* Llyods */,
				DB7703602CB796B400AF4504 /* LlyodsTests */,
				DB77036A2CB796B400AF4504 /* LlyodsUITests */,
				DB7703482CB796B300AF4504 /* Products */,
			);
			sourceTree = "<group>";
		};
		DB7703482CB796B300AF4504 /* Products */ = {
			isa = PBXGroup;
			children = (
				DB7703472CB796B300AF4504 /* Llyods.app */,
				DB77035D2CB796B400AF4504 /* LlyodsTests.xctest */,
				DB7703672CB796B400AF4504 /* LlyodsUITests.xctest */,
			);
			name = Products;
			sourceTree = "<group>";
		};
/* End PBXGroup section */

/* Begin PBXNativeTarget section */
		DB7703462CB796B300AF4504 /* Llyods */ = {
			isa = PBXNativeTarget;
			buildConfigurationList = DB7703702CB796B400AF4504 /* Build configuration list for PBXNativeTarget "Llyods" */;
			buildPhases = (
				DB7703432CB796B300AF4504 /* Sources */,
				DB7703442CB796B300AF4504 /* Frameworks */,
				DB7703452CB796B300AF4504 /* Resources */,
			);
			buildRules = (
			);
			dependencies = (
			);
			fileSystemSynchronizedGroups = (
				DB7703492CB796B300AF4504 /* Llyods */,
			);
			name = Llyods;
			packageProductDependencies = (
				DB7FCB382CB9F4910032E7F7 /* PromiseKit */,
				DB7FCB7E2CB9FC540032E7F7 /* PMKFoundation */,
			);
			productName = Llyods;
			productReference = DB7703472CB796B300AF4504 /* Llyods.app */;
			productType = "com.apple.product-type.application";
		};
		DB77035C2CB796B400AF4504 /* LlyodsTests */ = {
			isa = PBXNativeTarget;
			buildConfigurationList = DB7703752CB796B400AF4504 /* Build configuration list for PBXNativeTarget "LlyodsTests" */;
			buildPhases = (
				DB7703592CB796B400AF4504 /* Sources */,
				DB77035A2CB796B400AF4504 /* Frameworks */,
				DB77035B2CB796B400AF4504 /* Resources */,
			);
			buildRules = (
			);
			dependencies = (
				DB77035F2CB796B400AF4504 /* PBXTargetDependency */,
			);
			fileSystemSynchronizedGroups = (
				DB7703602CB796B400AF4504 /* LlyodsTests */,
			);
			name = LlyodsTests;
			packageProductDependencies = (
				DB7FCBE22CBB202B0032E7F7 /* SnapshotTesting */,
			);
			productName = LlyodsTests;
			productReference = DB77035D2CB796B400AF4504 /* LlyodsTests.xctest */;
			productType = "com.apple.product-type.bundle.unit-test";
		};
		DB7703662CB796B400AF4504 /* LlyodsUITests */ = {
			isa = PBXNativeTarget;
			buildConfigurationList = DB7703782CB796B400AF4504 /* Build configuration list for PBXNativeTarget "LlyodsUITests" */;
			buildPhases = (
				DB7703632CB796B400AF4504 /* Sources */,
				DB7703642CB796B400AF4504 /* Frameworks */,
				DB7703652CB796B400AF4504 /* Resources */,
			);
			buildRules = (
			);
			dependencies = (
				DB7703692CB796B400AF4504 /* PBXTargetDependency */,
			);
			fileSystemSynchronizedGroups = (
				DB77036A2CB796B400AF4504 /* LlyodsUITests */,
			);
			name = LlyodsUITests;
			packageProductDependencies = (
			);
			productName = LlyodsUITests;
			productReference = DB7703672CB796B400AF4504 /* LlyodsUITests.xctest */;
			productType = "com.apple.product-type.bundle.ui-testing";
		};
/* End PBXNativeTarget section */

/* Begin PBXProject section */
		DB77033F2CB796B300AF4504 /* Project object */ = {
			isa = PBXProject;
			attributes = {
				BuildIndependentTargetsInParallel = 1;
				LastSwiftUpdateCheck = 1600;
				LastUpgradeCheck = 1600;
				TargetAttributes = {
					DB7703462CB796B300AF4504 = {
						CreatedOnToolsVersion = 16.0;
					};
					DB77035C2CB796B400AF4504 = {
						CreatedOnToolsVersion = 16.0;
						TestTargetID = DB7703462CB796B300AF4504;
					};
					DB7703662CB796B400AF4504 = {
						CreatedOnToolsVersion = 16.0;
						TestTargetID = DB7703462CB796B300AF4504;
					};
				};
			};
			buildConfigurationList = DB7703422CB796B300AF4504 /* Build configuration list for PBXProject "Llyods" */;
			developmentRegion = en;
			hasScannedForEncodings = 0;
			knownRegions = (
				en,
				Base,
			);
			mainGroup = DB77033E2CB796B300AF4504;
			minimizedProjectReferenceProxies = 1;
			packageReferences = (
				DB77039E2CB79BD700AF4504 /* XCRemoteSwiftPackageReference "PromiseKit" */,
				DB7FCB7D2CB9FC1F0032E7F7 /* XCRemoteSwiftPackageReference "Foundation" */,
				DB7FCBE12CBB202B0032E7F7 /* XCRemoteSwiftPackageReference "swift-snapshot-testing" */,
			);
			preferredProjectObjectVersion = 77;
			productRefGroup = DB7703482CB796B300AF4504 /* Products */;
			projectDirPath = "";
			projectRoot = "";
			targets = (
				DB7703462CB796B300AF4504 /* Llyods */,
				DB77035C2CB796B400AF4504 /* LlyodsTests */,
				DB7703662CB796B400AF4504 /* LlyodsUITests */,
			);
		};
/* End PBXProject section */

/* Begin PBXResourcesBuildPhase section */
		DB7703452CB796B300AF4504 /* Resources */ = {
			isa = PBXResourcesBuildPhase;
			buildActionMask = 2147483647;
			files = (
			);
			runOnlyForDeploymentPostprocessing = 0;
		};
		DB77035B2CB796B400AF4504 /* Resources */ = {
			isa = PBXResourcesBuildPhase;
			buildActionMask = 2147483647;
			files = (
			);
			runOnlyForDeploymentPostprocessing = 0;
		};
		DB7703652CB796B400AF4504 /* Resources */ = {
			isa = PBXResourcesBuildPhase;
			buildActionMask = 2147483647;
			files = (
			);
			runOnlyForDeploymentPostprocessing = 0;
		};
/* End PBXResourcesBuildPhase section */

/* Begin PBXSourcesBuildPhase section */
		DB7703432CB796B300AF4504 /* Sources */ = {
			isa = PBXSourcesBuildPhase;
			buildActionMask = 2147483647;
			files = (
			);
			runOnlyForDeploymentPostprocessing = 0;
		};
		DB7703592CB796B400AF4504 /* Sources */ = {
			isa = PBXSourcesBuildPhase;
			buildActionMask = 2147483647;
			files = (
			);
			runOnlyForDeploymentPostprocessing = 0;
		};
		DB7703632CB796B400AF4504 /* Sources */ = {
			isa = PBXSourcesBuildPhase;
			buildActionMask = 2147483647;
			files = (
			);
			runOnlyForDeploymentPostprocessing = 0;
		};
/* End PBXSourcesBuildPhase section */

/* Begin PBXTargetDependency section */
		DB77035F2CB796B400AF4504 /* PBXTargetDependency */ = {
			isa = PBXTargetDependency;
			target = DB7703462CB796B300AF4504 /* Llyods */;
			targetProxy = DB77035E2CB796B400AF4504 /* PBXContainerItemProxy */;
		};
		DB7703692CB796B400AF4504 /* PBXTargetDependency */ = {
			isa = PBXTargetDependency;
			target = DB7703462CB796B300AF4504 /* Llyods */;
			targetProxy = DB7703682CB796B400AF4504 /* PBXContainerItemProxy */;
		};
/* End PBXTargetDependency section */

/* Begin XCBuildConfiguration section */
		DB7703712CB796B400AF4504 /* Debug */ = {
			isa = XCBuildConfiguration;
			buildSettings = {
				ASSETCATALOG_COMPILER_APPICON_NAME = AppIcon;
				ASSETCATALOG_COMPILER_GLOBAL_ACCENT_COLOR_NAME = AccentColor;
				CODE_SIGN_STYLE = Automatic;
				CURRENT_PROJECT_VERSION = 1;
				DEVELOPMENT_TEAM = X7BT43G2XQ;
				GENERATE_INFOPLIST_FILE = YES;
				INFOPLIST_FILE = Llyods/Info.plist;
				INFOPLIST_KEY_UIApplicationSupportsIndirectInputEvents = YES;
				INFOPLIST_KEY_UILaunchStoryboardName = LaunchScreen;
				INFOPLIST_KEY_UISupportedInterfaceOrientations_iPad = "UIInterfaceOrientationPortrait UIInterfaceOrientationPortraitUpsideDown UIInterfaceOrientationLandscapeLeft UIInterfaceOrientationLandscapeRight";
				INFOPLIST_KEY_UISupportedInterfaceOrientations_iPhone = "UIInterfaceOrientationPortrait UIInterfaceOrientationLandscapeLeft UIInterfaceOrientationLandscapeRight";
				LD_RUNPATH_SEARCH_PATHS = (
					"$(inherited)",
					"@executable_path/Frameworks",
				);
				MARKETING_VERSION = 1.0;
				PRODUCT_BUNDLE_IDENTIFIER = com.vinoth.Llyods;
				PRODUCT_NAME = "$(TARGET_NAME)";
				SWIFT_EMIT_LOC_STRINGS = YES;
				SWIFT_VERSION = 5.0;
				TARGETED_DEVICE_FAMILY = "1,2";
			};
			name = Debug;
		};
		DB7703722CB796B400AF4504 /* Release */ = {
			isa = XCBuildConfiguration;
			buildSettings = {
				ASSETCATALOG_COMPILER_APPICON_NAME = AppIcon;
				ASSETCATALOG_COMPILER_GLOBAL_ACCENT_COLOR_NAME = AccentColor;
				CODE_SIGN_STYLE = Automatic;
				CURRENT_PROJECT_VERSION = 1;
				DEVELOPMENT_TEAM = X7BT43G2XQ;
				GENERATE_INFOPLIST_FILE = YES;
				INFOPLIST_FILE = Llyods/Info.plist;
				INFOPLIST_KEY_UIApplicationSupportsIndirectInputEvents = YES;
				INFOPLIST_KEY_UILaunchStoryboardName = LaunchScreen;
				INFOPLIST_KEY_UISupportedInterfaceOrientations_iPad = "UIInterfaceOrientationPortrait UIInterfaceOrientationPortraitUpsideDown UIInterfaceOrientationLandscapeLeft UIInterfaceOrientationLandscapeRight";
				INFOPLIST_KEY_UISupportedInterfaceOrientations_iPhone = "UIInterfaceOrientationPortrait UIInterfaceOrientationLandscapeLeft UIInterfaceOrientationLandscapeRight";
				LD_RUNPATH_SEARCH_PATHS = (
					"$(inherited)",
					"@executable_path/Frameworks",
				);
				MARKETING_VERSION = 1.0;
				PRODUCT_BUNDLE_IDENTIFIER = com.vinoth.Llyods;
				PRODUCT_NAME = "$(TARGET_NAME)";
				SWIFT_EMIT_LOC_STRINGS = YES;
				SWIFT_VERSION = 5.0;
				TARGETED_DEVICE_FAMILY = "1,2";
			};
			name = Release;
		};
		DB7703732CB796B400AF4504 /* Debug */ = {
			isa = XCBuildConfiguration;
			buildSettings = {
				ALWAYS_SEARCH_USER_PATHS = NO;
				ASSETCATALOG_COMPILER_GENERATE_SWIFT_ASSET_SYMBOL_EXTENSIONS = YES;
				CLANG_ANALYZER_NONNULL = YES;
				CLANG_ANALYZER_NUMBER_OBJECT_CONVERSION = YES_AGGRESSIVE;
				CLANG_CXX_LANGUAGE_STANDARD = "gnu++20";
				CLANG_ENABLE_MODULES = YES;
				CLANG_ENABLE_OBJC_ARC = YES;
				CLANG_ENABLE_OBJC_WEAK = YES;
				CLANG_WARN_BLOCK_CAPTURE_AUTORELEASING = YES;
				CLANG_WARN_BOOL_CONVERSION = YES;
				CLANG_WARN_COMMA = YES;
				CLANG_WARN_CONSTANT_CONVERSION = YES;
				CLANG_WARN_DEPRECATED_OBJC_IMPLEMENTATIONS = YES;
				CLANG_WARN_DIRECT_OBJC_ISA_USAGE = YES_ERROR;
				CLANG_WARN_DOCUMENTATION_COMMENTS = YES;
				CLANG_WARN_EMPTY_BODY = YES;
				CLANG_WARN_ENUM_CONVERSION = YES;
				CLANG_WARN_INFINITE_RECURSION = YES;
				CLANG_WARN_INT_CONVERSION = YES;
				CLANG_WARN_NON_LITERAL_NULL_CONVERSION = YES;
				CLANG_WARN_OBJC_IMPLICIT_RETAIN_SELF = YES;
				CLANG_WARN_OBJC_LITERAL_CONVERSION = YES;
				CLANG_WARN_OBJC_ROOT_CLASS = YES_ERROR;
				CLANG_WARN_QUOTED_INCLUDE_IN_FRAMEWORK_HEADER = YES;
				CLANG_WARN_RANGE_LOOP_ANALYSIS = YES;
				CLANG_WARN_STRICT_PROTOTYPES = YES;
				CLANG_WARN_SUSPICIOUS_MOVE = YES;
				CLANG_WARN_UNGUARDED_AVAILABILITY = YES_AGGRESSIVE;
				CLANG_WARN_UNREACHABLE_CODE = YES;
				CLANG_WARN__DUPLICATE_METHOD_MATCH = YES;
				COPY_PHASE_STRIP = NO;
				DEBUG_INFORMATION_FORMAT = dwarf;
				ENABLE_STRICT_OBJC_MSGSEND = YES;
				ENABLE_TESTABILITY = YES;
				ENABLE_USER_SCRIPT_SANDBOXING = YES;
				GCC_C_LANGUAGE_STANDARD = gnu17;
				GCC_DYNAMIC_NO_PIC = NO;
				GCC_NO_COMMON_BLOCKS = YES;
				GCC_OPTIMIZATION_LEVEL = 0;
				GCC_PREPROCESSOR_DEFINITIONS = (
					"DEBUG=1",
					"$(inherited)",
				);
				GCC_WARN_64_TO_32_BIT_CONVERSION = YES;
				GCC_WARN_ABOUT_RETURN_TYPE = YES_ERROR;
				GCC_WARN_UNDECLARED_SELECTOR = YES;
				GCC_WARN_UNINITIALIZED_AUTOS = YES_AGGRESSIVE;
				GCC_WARN_UNUSED_FUNCTION = YES;
				GCC_WARN_UNUSED_VARIABLE = YES;
				IPHONEOS_DEPLOYMENT_TARGET = 18.0;
				LOCALIZATION_PREFERS_STRING_CATALOGS = YES;
				MTL_ENABLE_DEBUG_INFO = INCLUDE_SOURCE;
				MTL_FAST_MATH = YES;
				ONLY_ACTIVE_ARCH = YES;
				SDKROOT = iphoneos;
				SWIFT_ACTIVE_COMPILATION_CONDITIONS = "DEBUG $(inherited)";
				SWIFT_OPTIMIZATION_LEVEL = "-Onone";
			};
			name = Debug;
		};
		DB7703742CB796B400AF4504 /* Release */ = {
			isa = XCBuildConfiguration;
			buildSettings = {
				ALWAYS_SEARCH_USER_PATHS = NO;
				ASSETCATALOG_COMPILER_GENERATE_SWIFT_ASSET_SYMBOL_EXTENSIONS = YES;
				CLANG_ANALYZER_NONNULL = YES;
				CLANG_ANALYZER_NUMBER_OBJECT_CONVERSION = YES_AGGRESSIVE;
				CLANG_CXX_LANGUAGE_STANDARD = "gnu++20";
				CLANG_ENABLE_MODULES = YES;
				CLANG_ENABLE_OBJC_ARC = YES;
				CLANG_ENABLE_OBJC_WEAK = YES;
				CLANG_WARN_BLOCK_CAPTURE_AUTORELEASING = YES;
				CLANG_WARN_BOOL_CONVERSION = YES;
				CLANG_WARN_COMMA = YES;
				CLANG_WARN_CONSTANT_CONVERSION = YES;
				CLANG_WARN_DEPRECATED_OBJC_IMPLEMENTATIONS = YES;
				CLANG_WARN_DIRECT_OBJC_ISA_USAGE = YES_ERROR;
				CLANG_WARN_DOCUMENTATION_COMMENTS = YES;
				CLANG_WARN_EMPTY_BODY = YES;
				CLANG_WARN_ENUM_CONVERSION = YES;
				CLANG_WARN_INFINITE_RECURSION = YES;
				CLANG_WARN_INT_CONVERSION = YES;
				CLANG_WARN_NON_LITERAL_NULL_CONVERSION = YES;
				CLANG_WARN_OBJC_IMPLICIT_RETAIN_SELF = YES;
				CLANG_WARN_OBJC_LITERAL_CONVERSION = YES;
				CLANG_WARN_OBJC_ROOT_CLASS = YES_ERROR;
				CLANG_WARN_QUOTED_INCLUDE_IN_FRAMEWORK_HEADER = YES;
				CLANG_WARN_RANGE_LOOP_ANALYSIS = YES;
				CLANG_WARN_STRICT_PROTOTYPES = YES;
				CLANG_WARN_SUSPICIOUS_MOVE = YES;
				CLANG_WARN_UNGUARDED_AVAILABILITY = YES_AGGRESSIVE;
				CLANG_WARN_UNREACHABLE_CODE = YES;
				CLANG_WARN__DUPLICATE_METHOD_MATCH = YES;
				COPY_PHASE_STRIP = NO;
				DEBUG_INFORMATION_FORMAT = "dwarf-with-dsym";
				ENABLE_NS_ASSERTIONS = NO;
				ENABLE_STRICT_OBJC_MSGSEND = YES;
				ENABLE_USER_SCRIPT_SANDBOXING = YES;
				GCC_C_LANGUAGE_STANDARD = gnu17;
				GCC_NO_COMMON_BLOCKS = YES;
				GCC_WARN_64_TO_32_BIT_CONVERSION = YES;
				GCC_WARN_ABOUT_RETURN_TYPE = YES_ERROR;
				GCC_WARN_UNDECLARED_SELECTOR = YES;
				GCC_WARN_UNINITIALIZED_AUTOS = YES_AGGRESSIVE;
				GCC_WARN_UNUSED_FUNCTION = YES;
				GCC_WARN_UNUSED_VARIABLE = YES;
				IPHONEOS_DEPLOYMENT_TARGET = 18.0;
				LOCALIZATION_PREFERS_STRING_CATALOGS = YES;
				MTL_ENABLE_DEBUG_INFO = NO;
				MTL_FAST_MATH = YES;
				SDKROOT = iphoneos;
				SWIFT_COMPILATION_MODE = wholemodule;
				VALIDATE_PRODUCT = YES;
			};
			name = Release;
		};
		DB7703762CB796B400AF4504 /* Debug */ = {
			isa = XCBuildConfiguration;
			buildSettings = {
				BUNDLE_LOADER = "$(TEST_HOST)";
				CODE_SIGN_STYLE = Automatic;
				CURRENT_PROJECT_VERSION = 1;
				DEVELOPMENT_TEAM = X7BT43G2XQ;
				GENERATE_INFOPLIST_FILE = YES;
				IPHONEOS_DEPLOYMENT_TARGET = 18.0;
				MARKETING_VERSION = 1.0;
				PRODUCT_BUNDLE_IDENTIFIER = com.vinoth.LlyodsTests;
				PRODUCT_NAME = "$(TARGET_NAME)";
				SWIFT_EMIT_LOC_STRINGS = NO;
				SWIFT_VERSION = 5.0;
				TARGETED_DEVICE_FAMILY = "1,2";
				TEST_HOST = "$(BUILT_PRODUCTS_DIR)/Llyods.app/$(BUNDLE_EXECUTABLE_FOLDER_PATH)/Llyods";
			};
			name = Debug;
		};
		DB7703772CB796B400AF4504 /* Release */ = {
			isa = XCBuildConfiguration;
			buildSettings = {
				BUNDLE_LOADER = "$(TEST_HOST)";
				CODE_SIGN_STYLE = Automatic;
				CURRENT_PROJECT_VERSION = 1;
				DEVELOPMENT_TEAM = X7BT43G2XQ;
				GENERATE_INFOPLIST_FILE = YES;
				IPHONEOS_DEPLOYMENT_TARGET = 18.0;
				MARKETING_VERSION = 1.0;
				PRODUCT_BUNDLE_IDENTIFIER = com.vinoth.LlyodsTests;
				PRODUCT_NAME = "$(TARGET_NAME)";
				SWIFT_EMIT_LOC_STRINGS = NO;
				SWIFT_VERSION = 5.0;
				TARGETED_DEVICE_FAMILY = "1,2";
				TEST_HOST = "$(BUILT_PRODUCTS_DIR)/Llyods.app/$(BUNDLE_EXECUTABLE_FOLDER_PATH)/Llyods";
			};
			name = Release;
		};
		DB7703792CB796B400AF4504 /* Debug */ = {
			isa = XCBuildConfiguration;
			buildSettings = {
				CODE_SIGN_STYLE = Automatic;
				CURRENT_PROJECT_VERSION = 1;
				DEVELOPMENT_TEAM = X7BT43G2XQ;
				GENERATE_INFOPLIST_FILE = YES;
				MARKETING_VERSION = 1.0;
				PRODUCT_BUNDLE_IDENTIFIER = com.vinoth.LlyodsUITests;
				PRODUCT_NAME = "$(TARGET_NAME)";
				SWIFT_EMIT_LOC_STRINGS = NO;
				SWIFT_VERSION = 5.0;
				TARGETED_DEVICE_FAMILY = "1,2";
				TEST_TARGET_NAME = Llyods;
			};
			name = Debug;
		};
		DB77037A2CB796B400AF4504 /* Release */ = {
			isa = XCBuildConfiguration;
			buildSettings = {
				CODE_SIGN_STYLE = Automatic;
				CURRENT_PROJECT_VERSION = 1;
				DEVELOPMENT_TEAM = X7BT43G2XQ;
				GENERATE_INFOPLIST_FILE = YES;
				MARKETING_VERSION = 1.0;
				PRODUCT_BUNDLE_IDENTIFIER = com.vinoth.LlyodsUITests;
				PRODUCT_NAME = "$(TARGET_NAME)";
				SWIFT_EMIT_LOC_STRINGS = NO;
				SWIFT_VERSION = 5.0;
				TARGETED_DEVICE_FAMILY = "1,2";
				TEST_TARGET_NAME = Llyods;
			};
			name = Release;
		};
/* End XCBuildConfiguration section */

/* Begin XCConfigurationList section */
		DB7703422CB796B300AF4504 /* Build configuration list for PBXProject "Llyods" */ = {
			isa = XCConfigurationList;
			buildConfigurations = (
				DB7703732CB796B400AF4504 /* Debug */,
				DB7703742CB796B400AF4504 /* Release */,
			);
			defaultConfigurationIsVisible = 0;
			defaultConfigurationName = Release;
		};
		DB7703702CB796B400AF4504 /* Build configuration list for PBXNativeTarget "Llyods" */ = {
			isa = XCConfigurationList;
			buildConfigurations = (
				DB7703712CB796B400AF4504 /* Debug */,
				DB7703722CB796B400AF4504 /* Release */,
			);
			defaultConfigurationIsVisible = 0;
			defaultConfigurationName = Release;
		};
		DB7703752CB796B400AF4504 /* Build configuration list for PBXNativeTarget "LlyodsTests" */ = {
			isa = XCConfigurationList;
			buildConfigurations = (
				DB7703762CB796B400AF4504 /* Debug */,
				DB7703772CB796B400AF4504 /* Release */,
			);
			defaultConfigurationIsVisible = 0;
			defaultConfigurationName = Release;
		};
		DB7703782CB796B400AF4504 /* Build configuration list for PBXNativeTarget "LlyodsUITests" */ = {
			isa = XCConfigurationList;
			buildConfigurations = (
				DB7703792CB796B400AF4504 /* Debug */,
				DB77037A2CB796B400AF4504 /* Release */,
			);
			defaultConfigurationIsVisible = 0;
			defaultConfigurationName = Release;
		};
/* End XCConfigurationList section */

/* Begin XCRemoteSwiftPackageReference section */
		DB77039E2CB79BD700AF4504 /* XCRemoteSwiftPackageReference "PromiseKit" */ = {
			isa = XCRemoteSwiftPackageReference;
			repositoryURL = "https://github.com/mxcl/PromiseKit";
			requirement = {
				kind = upToNextMajorVersion;
				minimumVersion = 8.1.2;
			};
		};
		DB7FCB7D2CB9FC1F0032E7F7 /* XCRemoteSwiftPackageReference "Foundation" */ = {
			isa = XCRemoteSwiftPackageReference;
			repositoryURL = "https://github.com/PromiseKit/Foundation.git";
			requirement = {
				kind = upToNextMajorVersion;
				minimumVersion = 4.0.0;
			};
		};
		DB7FCBE12CBB202B0032E7F7 /* XCRemoteSwiftPackageReference "swift-snapshot-testing" */ = {
			isa = XCRemoteSwiftPackageReference;
			repositoryURL = "https://github.com/pointfreeco/swift-snapshot-testing";
			requirement = {
				kind = upToNextMajorVersion;
				minimumVersion = 1.17.5;
			};
		};
/* End XCRemoteSwiftPackageReference section */

/* Begin XCSwiftPackageProductDependency section */
		DB7FCB382CB9F4910032E7F7 /* PromiseKit */ = {
			isa = XCSwiftPackageProductDependency;
			package = DB77039E2CB79BD700AF4504 /* XCRemoteSwiftPackageReference "PromiseKit" */;
			productName = PromiseKit;
		};
		DB7FCB7E2CB9FC540032E7F7 /* PMKFoundation */ = {
			isa = XCSwiftPackageProductDependency;
			package = DB7FCB7D2CB9FC1F0032E7F7 /* XCRemoteSwiftPackageReference "Foundation" */;
			productName = PMKFoundation;
		};
		DB7FCBE22CBB202B0032E7F7 /* SnapshotTesting */ = {
			isa = XCSwiftPackageProductDependency;
			package = DB7FCBE12CBB202B0032E7F7 /* XCRemoteSwiftPackageReference "swift-snapshot-testing" */;
			productName = SnapshotTesting;
		};
/* End XCSwiftPackageProductDependency section */
	};
	rootObject = DB77033F2CB796B300AF4504 /* Project object */;
}
